
Microsoft Visual Studio Solution File, Format Version 12.00
# Visual Studio Version 17
VisualStudioVersion = 17.7.34302.85
MinimumVisualStudioVersion = 10.0.40219.1
Project("{9A19103F-16F7-4668-BE54-9A1E7A4F7556}") = "CloudShop.Client", "CloudShop.Client\CloudShop.Client.csproj", "{BCD94F22-26BA-42E7-BD7C-664CE0E16387}"
EndProject
Project("{9A19103F-16F7-4668-BE54-9A1E7A4F7556}") = "CloudShop.ProductAPI", "CloudShop.ProductAPI\CloudShop.ProductAPI.csproj", "{0DC16132-A27C-4FA9-A34C-99B21E7A5F51}"
EndProject
Project("{E53339B2-1760-4266-BCC7-CA923CBCF16C}") = "docker-compose", "docker-compose.dcproj", "{4A3B2257-D136-4B24-AD9F-8F14C3A1A348}"
EndProject
Global
	GlobalSection(SolutionConfigurationPlatforms) = preSolution
		Debug|Any CPU = Debug|Any CPU
		Release|Any CPU = Release|Any CPU
	EndGlobalSection
	GlobalSection(ProjectConfigurationPlatforms) = postSolution
		{BCD94F22-26BA-42E7-BD7C-664CE0E16387}.Debug|Any CPU.ActiveCfg = Debug|Any CPU
		{BCD94F22-26BA-42E7-BD7C-664CE0E16387}.Debug|Any CPU.Build.0 = Debug|Any CPU
		{BCD94F22-26BA-42E7-BD7C-664CE0E16387}.Release|Any CPU.ActiveCfg = Release|Any CPU
		{BCD94F22-26BA-42E7-BD7C-664CE0E16387}.Release|Any CPU.Build.0 = Release|Any CPU
		{0DC16132-A27C-4FA9-A34C-99B21E7A5F51}.Debug|Any CPU.ActiveCfg = Debug|Any CPU
		{0DC16132-A27C-4FA9-A34C-99B21E7A5F51}.Debug|Any CPU.Build.0 = Debug|Any CPU
		{0DC16132-A27C-4FA9-A34C-99B21E7A5F51}.Release|Any CPU.ActiveCfg = Release|Any CPU
		{0DC16132-A27C-4FA9-A34C-99B21E7A5F51}.Release|Any CPU.Build.0 = Release|Any CPU
		{4A3B2257-D136-4B24-AD9F-8F14C3A1A348}.Debug|Any CPU.ActiveCfg = Debug|Any CPU
		{4A3B2257-D136-4B24-AD9F-8F14C3A1A348}.Debug|Any CPU.Build.0 = Debug|Any CPU
		{4A3B2257-D136-4B24-AD9F-8F14C3A1A348}.Release|Any CPU.ActiveCfg = Release|Any CPU
		{4A3B2257-D136-4B24-AD9F-8F14C3A1A348}.Release|Any CPU.Build.0 = Release|Any CPU
	EndGlobalSection
	GlobalSection(SolutionProperties) = preSolution
		HideSolutionNode = FALSE
	EndGlobalSection
	GlobalSection(ExtensibilityGlobals) = postSolution
		SolutionGuid = {EE425061-0E9C-41FD-887E-9D63459DF7D7}
	EndGlobalSection
EndGlobal
